{
  "version": 4,
  "terraform_version": "0.12.24",
  "serial": 48,
  "lineage": "99ec3a4b-a6eb-3bd2-3352-ff42552dc0a9",
  "outputs": {
    "bastion_ip": {
      "value": "52.250.108.52",
      "type": "string"
    }
  },
  "resources": [
    {
      "mode": "managed",
      "type": "azurerm_availability_set",
      "name": "nfs",
      "provider": "provider.azurerm",
      "instances": [
        {
          "schema_version": 0,
          "attributes": {
            "id": "/subscriptions/9d3e4275-4f66-42ac-a822-439f8d50eb99/resourceGroups/test2_resources/providers/Microsoft.Compute/availabilitySets/nfs",
            "location": "westus2",
            "managed": true,
            "name": "nfs",
            "platform_fault_domain_count": 2,
            "platform_update_domain_count": 5,
            "proximity_placement_group_id": null,
            "resource_group_name": "test2_resources",
            "tags": {},
            "timeouts": null
          },
          "private": "eyJlMmJmYjczMC1lY2FhLTExZTYtOGY4OC0zNDM2M2JjN2M0YzAiOnsiY3JlYXRlIjoxODAwMDAwMDAwMDAwLCJkZWxldGUiOjE4MDAwMDAwMDAwMDAsInJlYWQiOjMwMDAwMDAwMDAwMCwidXBkYXRlIjoxODAwMDAwMDAwMDAwfX0=",
          "dependencies": [
            "azurerm_resource_group.example"
          ]
        }
      ]
    },
    {
      "mode": "managed",
      "type": "azurerm_lb",
      "name": "lb",
      "provider": "provider.azurerm",
      "instances": [
        {
          "schema_version": 0,
          "attributes": {
            "frontend_ip_configuration": [
              {
                "id": "/subscriptions/9d3e4275-4f66-42ac-a822-439f8d50eb99/resourceGroups/test2_resources/providers/Microsoft.Network/loadBalancers/TestLoadBalancer/frontendIPConfigurations/nw1-frontend",
                "inbound_nat_rules": [],
                "load_balancer_rules": [
                  "/subscriptions/9d3e4275-4f66-42ac-a822-439f8d50eb99/resourceGroups/test2_resources/providers/Microsoft.Network/loadBalancers/TestLoadBalancer/loadBalancingRules/nw1-lb-2049-0",
                  "/subscriptions/9d3e4275-4f66-42ac-a822-439f8d50eb99/resourceGroups/test2_resources/providers/Microsoft.Network/loadBalancers/TestLoadBalancer/loadBalancingRules/nw1-lb-2049-1"
                ],
                "name": "nw1-frontend",
                "outbound_rules": [],
                "private_ip_address": "10.0.0.4",
                "private_ip_address_allocation": "Static",
                "private_ip_address_version": "IPv4",
                "public_ip_address_id": "",
                "public_ip_prefix_id": "",
                "subnet_id": "/subscriptions/9d3e4275-4f66-42ac-a822-439f8d50eb99/resourceGroups/test2_resources/providers/Microsoft.Network/virtualNetworks/test2-network/subnets/internal",
                "zones": []
              },
              {
                "id": "/subscriptions/9d3e4275-4f66-42ac-a822-439f8d50eb99/resourceGroups/test2_resources/providers/Microsoft.Network/loadBalancers/TestLoadBalancer/frontendIPConfigurations/nw2-frontend",
                "inbound_nat_rules": [],
                "load_balancer_rules": [
                  "/subscriptions/9d3e4275-4f66-42ac-a822-439f8d50eb99/resourceGroups/test2_resources/providers/Microsoft.Network/loadBalancers/TestLoadBalancer/loadBalancingRules/nw1-lb-2049-2",
                  "/subscriptions/9d3e4275-4f66-42ac-a822-439f8d50eb99/resourceGroups/test2_resources/providers/Microsoft.Network/loadBalancers/TestLoadBalancer/loadBalancingRules/nw1-lb-2049-3"
                ],
                "name": "nw2-frontend",
                "outbound_rules": [],
                "private_ip_address": "10.0.0.5",
                "private_ip_address_allocation": "Static",
                "private_ip_address_version": "IPv4",
                "public_ip_address_id": "",
                "public_ip_prefix_id": "",
                "subnet_id": "/subscriptions/9d3e4275-4f66-42ac-a822-439f8d50eb99/resourceGroups/test2_resources/providers/Microsoft.Network/virtualNetworks/test2-network/subnets/internal",
                "zones": []
              }
            ],
            "id": "/subscriptions/9d3e4275-4f66-42ac-a822-439f8d50eb99/resourceGroups/test2_resources/providers/Microsoft.Network/loadBalancers/TestLoadBalancer",
            "location": "westus2",
            "name": "TestLoadBalancer",
            "private_ip_address": "10.0.0.4",
            "private_ip_addresses": [
              "10.0.0.4",
              "10.0.0.5"
            ],
            "resource_group_name": "test2_resources",
            "sku": "Basic",
            "tags": {},
            "timeouts": null
          },
          "private": "eyJlMmJmYjczMC1lY2FhLTExZTYtOGY4OC0zNDM2M2JjN2M0YzAiOnsiY3JlYXRlIjoxODAwMDAwMDAwMDAwLCJkZWxldGUiOjE4MDAwMDAwMDAwMDAsInJlYWQiOjMwMDAwMDAwMDAwMCwidXBkYXRlIjoxODAwMDAwMDAwMDAwfX0=",
          "dependencies": [
            "azurerm_resource_group.example",
            "azurerm_subnet.example",
            "azurerm_virtual_network.example"
          ]
        }
      ]
    },
    {
      "mode": "managed",
      "type": "azurerm_lb_backend_address_pool",
      "name": "lb",
      "provider": "provider.azurerm",
      "instances": [
        {
          "schema_version": 0,
          "attributes": {
            "backend_ip_configurations": [
              "/subscriptions/9d3e4275-4f66-42ac-a822-439f8d50eb99/resourceGroups/test2_resources/providers/Microsoft.Network/networkInterfaces/nfs-0/ipConfigurations/nfs-0-private",
              "/subscriptions/9d3e4275-4f66-42ac-a822-439f8d50eb99/resourceGroups/test2_resources/providers/Microsoft.Network/networkInterfaces/nfs-1/ipConfigurations/nfs-1-private"
            ],
            "id": "/subscriptions/9d3e4275-4f66-42ac-a822-439f8d50eb99/resourceGroups/test2_resources/providers/Microsoft.Network/loadBalancers/TestLoadBalancer/backendAddressPools/nw-backend",
            "load_balancing_rules": [
              "/subscriptions/9d3e4275-4f66-42ac-a822-439f8d50eb99/resourceGroups/test2_resources/providers/Microsoft.Network/loadBalancers/TestLoadBalancer/loadBalancingRules/nw1-lb-2049-0",
              "/subscriptions/9d3e4275-4f66-42ac-a822-439f8d50eb99/resourceGroups/test2_resources/providers/Microsoft.Network/loadBalancers/TestLoadBalancer/loadBalancingRules/nw1-lb-2049-1",
              "/subscriptions/9d3e4275-4f66-42ac-a822-439f8d50eb99/resourceGroups/test2_resources/providers/Microsoft.Network/loadBalancers/TestLoadBalancer/loadBalancingRules/nw1-lb-2049-2",
              "/subscriptions/9d3e4275-4f66-42ac-a822-439f8d50eb99/resourceGroups/test2_resources/providers/Microsoft.Network/loadBalancers/TestLoadBalancer/loadBalancingRules/nw1-lb-2049-3"
            ],
            "loadbalancer_id": "/subscriptions/9d3e4275-4f66-42ac-a822-439f8d50eb99/resourceGroups/test2_resources/providers/Microsoft.Network/loadBalancers/TestLoadBalancer",
            "name": "nw-backend",
            "resource_group_name": "test2_resources",
            "timeouts": null
          },
          "private": "eyJlMmJmYjczMC1lY2FhLTExZTYtOGY4OC0zNDM2M2JjN2M0YzAiOnsiY3JlYXRlIjoxODAwMDAwMDAwMDAwLCJkZWxldGUiOjE4MDAwMDAwMDAwMDAsInJlYWQiOjMwMDAwMDAwMDAwMCwidXBkYXRlIjoxODAwMDAwMDAwMDAwfX0=",
          "dependencies": [
            "azurerm_lb.lb",
            "azurerm_resource_group.example",
            "azurerm_subnet.example",
            "azurerm_virtual_network.example"
          ]
        }
      ]
    },
    {
      "mode": "managed",
      "type": "azurerm_lb_probe",
      "name": "lb-nw1",
      "provider": "provider.azurerm",
      "instances": [
        {
          "schema_version": 0,
          "attributes": {
            "id": "/subscriptions/9d3e4275-4f66-42ac-a822-439f8d50eb99/resourceGroups/test2_resources/providers/Microsoft.Network/loadBalancers/TestLoadBalancer/probes/nw1-hp",
            "interval_in_seconds": 5,
            "load_balancer_rules": [
              "/subscriptions/9d3e4275-4f66-42ac-a822-439f8d50eb99/resourceGroups/test2_resources/providers/Microsoft.Network/loadBalancers/TestLoadBalancer/loadBalancingRules/nw1-lb-2049-0",
              "/subscriptions/9d3e4275-4f66-42ac-a822-439f8d50eb99/resourceGroups/test2_resources/providers/Microsoft.Network/loadBalancers/TestLoadBalancer/loadBalancingRules/nw1-lb-2049-1"
            ],
            "loadbalancer_id": "/subscriptions/9d3e4275-4f66-42ac-a822-439f8d50eb99/resourceGroups/test2_resources/providers/Microsoft.Network/loadBalancers/TestLoadBalancer",
            "name": "nw1-hp",
            "number_of_probes": 2,
            "port": 61000,
            "protocol": "Tcp",
            "request_path": "",
            "resource_group_name": "test2_resources",
            "timeouts": null
          },
          "private": "eyJlMmJmYjczMC1lY2FhLTExZTYtOGY4OC0zNDM2M2JjN2M0YzAiOnsiY3JlYXRlIjoxODAwMDAwMDAwMDAwLCJkZWxldGUiOjE4MDAwMDAwMDAwMDAsInJlYWQiOjMwMDAwMDAwMDAwMCwidXBkYXRlIjoxODAwMDAwMDAwMDAwfX0=",
          "dependencies": [
            "azurerm_lb.lb",
            "azurerm_resource_group.example",
            "azurerm_subnet.example",
            "azurerm_virtual_network.example"
          ]
        }
      ]
    },
    {
      "mode": "managed",
      "type": "azurerm_lb_probe",
      "name": "lb-nw2",
      "provider": "provider.azurerm",
      "instances": [
        {
          "schema_version": 0,
          "attributes": {
            "id": "/subscriptions/9d3e4275-4f66-42ac-a822-439f8d50eb99/resourceGroups/test2_resources/providers/Microsoft.Network/loadBalancers/TestLoadBalancer/probes/nw2-hp",
            "interval_in_seconds": 5,
            "load_balancer_rules": [
              "/subscriptions/9d3e4275-4f66-42ac-a822-439f8d50eb99/resourceGroups/test2_resources/providers/Microsoft.Network/loadBalancers/TestLoadBalancer/loadBalancingRules/nw1-lb-2049-2",
              "/subscriptions/9d3e4275-4f66-42ac-a822-439f8d50eb99/resourceGroups/test2_resources/providers/Microsoft.Network/loadBalancers/TestLoadBalancer/loadBalancingRules/nw1-lb-2049-3"
            ],
            "loadbalancer_id": "/subscriptions/9d3e4275-4f66-42ac-a822-439f8d50eb99/resourceGroups/test2_resources/providers/Microsoft.Network/loadBalancers/TestLoadBalancer",
            "name": "nw2-hp",
            "number_of_probes": 2,
            "port": 61001,
            "protocol": "Tcp",
            "request_path": "",
            "resource_group_name": "test2_resources",
            "timeouts": null
          },
          "private": "eyJlMmJmYjczMC1lY2FhLTExZTYtOGY4OC0zNDM2M2JjN2M0YzAiOnsiY3JlYXRlIjoxODAwMDAwMDAwMDAwLCJkZWxldGUiOjE4MDAwMDAwMDAwMDAsInJlYWQiOjMwMDAwMDAwMDAwMCwidXBkYXRlIjoxODAwMDAwMDAwMDAwfX0=",
          "dependencies": [
            "azurerm_lb.lb",
            "azurerm_resource_group.example",
            "azurerm_subnet.example",
            "azurerm_virtual_network.example"
          ]
        }
      ]
    },
    {
      "mode": "managed",
      "type": "azurerm_lb_rule",
      "name": "lb-0",
      "provider": "provider.azurerm",
      "instances": [
        {
          "schema_version": 0,
          "attributes": {
            "backend_address_pool_id": "/subscriptions/9d3e4275-4f66-42ac-a822-439f8d50eb99/resourceGroups/test2_resources/providers/Microsoft.Network/loadBalancers/TestLoadBalancer/backendAddressPools/nw-backend",
            "backend_port": 2049,
            "disable_outbound_snat": false,
            "enable_floating_ip": true,
            "enable_tcp_reset": false,
            "frontend_ip_configuration_id": "/subscriptions/9d3e4275-4f66-42ac-a822-439f8d50eb99/resourceGroups/test2_resources/providers/Microsoft.Network/loadBalancers/TestLoadBalancer/frontendIPConfigurations/nw1-frontend",
            "frontend_ip_configuration_name": "nw1-frontend",
            "frontend_port": 2049,
            "id": "/subscriptions/9d3e4275-4f66-42ac-a822-439f8d50eb99/resourceGroups/test2_resources/providers/Microsoft.Network/loadBalancers/TestLoadBalancer/loadBalancingRules/nw1-lb-2049-0",
            "idle_timeout_in_minutes": 30,
            "load_distribution": "Default",
            "loadbalancer_id": "/subscriptions/9d3e4275-4f66-42ac-a822-439f8d50eb99/resourceGroups/test2_resources/providers/Microsoft.Network/loadBalancers/TestLoadBalancer",
            "name": "nw1-lb-2049-0",
            "probe_id": "/subscriptions/9d3e4275-4f66-42ac-a822-439f8d50eb99/resourceGroups/test2_resources/providers/Microsoft.Network/loadBalancers/TestLoadBalancer/probes/nw1-hp",
            "protocol": "Tcp",
            "resource_group_name": "test2_resources",
            "timeouts": null
          },
          "private": "eyJlMmJmYjczMC1lY2FhLTExZTYtOGY4OC0zNDM2M2JjN2M0YzAiOnsiY3JlYXRlIjoxODAwMDAwMDAwMDAwLCJkZWxldGUiOjE4MDAwMDAwMDAwMDAsInJlYWQiOjMwMDAwMDAwMDAwMCwidXBkYXRlIjoxODAwMDAwMDAwMDAwfX0=",
          "dependencies": [
            "azurerm_lb.lb",
            "azurerm_lb_backend_address_pool.lb",
            "azurerm_lb_probe.lb-nw1",
            "azurerm_resource_group.example",
            "azurerm_subnet.example",
            "azurerm_virtual_network.example"
          ]
        }
      ]
    },
    {
      "mode": "managed",
      "type": "azurerm_lb_rule",
      "name": "lb-1",
      "provider": "provider.azurerm",
      "instances": [
        {
          "schema_version": 0,
          "attributes": {
            "backend_address_pool_id": "/subscriptions/9d3e4275-4f66-42ac-a822-439f8d50eb99/resourceGroups/test2_resources/providers/Microsoft.Network/loadBalancers/TestLoadBalancer/backendAddressPools/nw-backend",
            "backend_port": 2049,
            "disable_outbound_snat": false,
            "enable_floating_ip": true,
            "enable_tcp_reset": false,
            "frontend_ip_configuration_id": "/subscriptions/9d3e4275-4f66-42ac-a822-439f8d50eb99/resourceGroups/test2_resources/providers/Microsoft.Network/loadBalancers/TestLoadBalancer/frontendIPConfigurations/nw1-frontend",
            "frontend_ip_configuration_name": "nw1-frontend",
            "frontend_port": 2049,
            "id": "/subscriptions/9d3e4275-4f66-42ac-a822-439f8d50eb99/resourceGroups/test2_resources/providers/Microsoft.Network/loadBalancers/TestLoadBalancer/loadBalancingRules/nw1-lb-2049-1",
            "idle_timeout_in_minutes": 30,
            "load_distribution": "Default",
            "loadbalancer_id": "/subscriptions/9d3e4275-4f66-42ac-a822-439f8d50eb99/resourceGroups/test2_resources/providers/Microsoft.Network/loadBalancers/TestLoadBalancer",
            "name": "nw1-lb-2049-1",
            "probe_id": "/subscriptions/9d3e4275-4f66-42ac-a822-439f8d50eb99/resourceGroups/test2_resources/providers/Microsoft.Network/loadBalancers/TestLoadBalancer/probes/nw1-hp",
            "protocol": "Udp",
            "resource_group_name": "test2_resources",
            "timeouts": null
          },
          "private": "eyJlMmJmYjczMC1lY2FhLTExZTYtOGY4OC0zNDM2M2JjN2M0YzAiOnsiY3JlYXRlIjoxODAwMDAwMDAwMDAwLCJkZWxldGUiOjE4MDAwMDAwMDAwMDAsInJlYWQiOjMwMDAwMDAwMDAwMCwidXBkYXRlIjoxODAwMDAwMDAwMDAwfX0=",
          "dependencies": [
            "azurerm_lb.lb",
            "azurerm_lb_backend_address_pool.lb",
            "azurerm_lb_probe.lb-nw1",
            "azurerm_resource_group.example",
            "azurerm_subnet.example",
            "azurerm_virtual_network.example"
          ]
        }
      ]
    },
    {
      "mode": "managed",
      "type": "azurerm_lb_rule",
      "name": "lb-2",
      "provider": "provider.azurerm",
      "instances": [
        {
          "schema_version": 0,
          "attributes": {
            "backend_address_pool_id": "/subscriptions/9d3e4275-4f66-42ac-a822-439f8d50eb99/resourceGroups/test2_resources/providers/Microsoft.Network/loadBalancers/TestLoadBalancer/backendAddressPools/nw-backend",
            "backend_port": 2049,
            "disable_outbound_snat": false,
            "enable_floating_ip": true,
            "enable_tcp_reset": false,
            "frontend_ip_configuration_id": "/subscriptions/9d3e4275-4f66-42ac-a822-439f8d50eb99/resourceGroups/test2_resources/providers/Microsoft.Network/loadBalancers/TestLoadBalancer/frontendIPConfigurations/nw2-frontend",
            "frontend_ip_configuration_name": "nw2-frontend",
            "frontend_port": 2049,
            "id": "/subscriptions/9d3e4275-4f66-42ac-a822-439f8d50eb99/resourceGroups/test2_resources/providers/Microsoft.Network/loadBalancers/TestLoadBalancer/loadBalancingRules/nw1-lb-2049-2",
            "idle_timeout_in_minutes": 30,
            "load_distribution": "Default",
            "loadbalancer_id": "/subscriptions/9d3e4275-4f66-42ac-a822-439f8d50eb99/resourceGroups/test2_resources/providers/Microsoft.Network/loadBalancers/TestLoadBalancer",
            "name": "nw1-lb-2049-2",
            "probe_id": "/subscriptions/9d3e4275-4f66-42ac-a822-439f8d50eb99/resourceGroups/test2_resources/providers/Microsoft.Network/loadBalancers/TestLoadBalancer/probes/nw2-hp",
            "protocol": "Tcp",
            "resource_group_name": "test2_resources",
            "timeouts": null
          },
          "private": "eyJlMmJmYjczMC1lY2FhLTExZTYtOGY4OC0zNDM2M2JjN2M0YzAiOnsiY3JlYXRlIjoxODAwMDAwMDAwMDAwLCJkZWxldGUiOjE4MDAwMDAwMDAwMDAsInJlYWQiOjMwMDAwMDAwMDAwMCwidXBkYXRlIjoxODAwMDAwMDAwMDAwfX0=",
          "dependencies": [
            "azurerm_lb.lb",
            "azurerm_lb_backend_address_pool.lb",
            "azurerm_lb_probe.lb-nw2",
            "azurerm_resource_group.example",
            "azurerm_subnet.example",
            "azurerm_virtual_network.example"
          ]
        }
      ]
    },
    {
      "mode": "managed",
      "type": "azurerm_lb_rule",
      "name": "lb-3",
      "provider": "provider.azurerm",
      "instances": [
        {
          "schema_version": 0,
          "attributes": {
            "backend_address_pool_id": "/subscriptions/9d3e4275-4f66-42ac-a822-439f8d50eb99/resourceGroups/test2_resources/providers/Microsoft.Network/loadBalancers/TestLoadBalancer/backendAddressPools/nw-backend",
            "backend_port": 2049,
            "disable_outbound_snat": false,
            "enable_floating_ip": true,
            "enable_tcp_reset": false,
            "frontend_ip_configuration_id": "/subscriptions/9d3e4275-4f66-42ac-a822-439f8d50eb99/resourceGroups/test2_resources/providers/Microsoft.Network/loadBalancers/TestLoadBalancer/frontendIPConfigurations/nw2-frontend",
            "frontend_ip_configuration_name": "nw2-frontend",
            "frontend_port": 2049,
            "id": "/subscriptions/9d3e4275-4f66-42ac-a822-439f8d50eb99/resourceGroups/test2_resources/providers/Microsoft.Network/loadBalancers/TestLoadBalancer/loadBalancingRules/nw1-lb-2049-3",
            "idle_timeout_in_minutes": 30,
            "load_distribution": "Default",
            "loadbalancer_id": "/subscriptions/9d3e4275-4f66-42ac-a822-439f8d50eb99/resourceGroups/test2_resources/providers/Microsoft.Network/loadBalancers/TestLoadBalancer",
            "name": "nw1-lb-2049-3",
            "probe_id": "/subscriptions/9d3e4275-4f66-42ac-a822-439f8d50eb99/resourceGroups/test2_resources/providers/Microsoft.Network/loadBalancers/TestLoadBalancer/probes/nw2-hp",
            "protocol": "Udp",
            "resource_group_name": "test2_resources",
            "timeouts": null
          },
          "private": "eyJlMmJmYjczMC1lY2FhLTExZTYtOGY4OC0zNDM2M2JjN2M0YzAiOnsiY3JlYXRlIjoxODAwMDAwMDAwMDAwLCJkZWxldGUiOjE4MDAwMDAwMDAwMDAsInJlYWQiOjMwMDAwMDAwMDAwMCwidXBkYXRlIjoxODAwMDAwMDAwMDAwfX0=",
          "dependencies": [
            "azurerm_lb.lb",
            "azurerm_lb_backend_address_pool.lb",
            "azurerm_lb_probe.lb-nw2",
            "azurerm_resource_group.example",
            "azurerm_subnet.example",
            "azurerm_virtual_network.example"
          ]
        }
      ]
    },
    {
      "mode": "managed",
      "type": "azurerm_linux_virtual_machine",
      "name": "bastion",
      "provider": "provider.azurerm",
      "instances": [
        {
          "schema_version": 0,
          "attributes": {
            "additional_capabilities": [],
            "admin_password": null,
            "admin_ssh_key": [
              {
                "public_key": "ssh-rsa AAAAB3NzaC1yc2EAAAADAQABAAACAQC0hi7vqqzsU2c3OZiqbSX298e7diNCMRo+XgAYN+ZkQHocg3/wybThl+syTokM8qBSESribZDKVUJyVDJsum0WnRQgKsu2rpg1tgC+f0EKj00PrxWIopla2/s5lx8PPgYrA3E7Z25ghjLzCcBt8JfyQWxcmgkWPfLitTBhbTcuG3FwlRe3SkbtuRi23vj2zX+y//YlStXIoXM1OdIYKom7r9wL66GAwT0Yx1TbdaRhvjcpSxZ/kmQkC/SQ6Pd/GlBQM2LTI1xOSPz4WEpZnGrYItCBWD37JEc4gr4HdEqEt/kP8ktiSbllR2ii2r1y2cxv4bknQi9PXPTOha/6wl4yGePj7eA0P0HjNZq7bJ2327IB5nLaEWJOEw50XqIUcsBmnT4RzjBEkkSV/oOXdt2gumQAbCkiS4lPp4Nlshgm+tLzConD/wf6pYORwjQkn90q4d5pkuPQHFWmsYansZmZaUH6YPCq7C85Ox6go4Uy3PEaE6+z2bQ2fQhkEy/AJdiCQWzxuk0Tgkm6dfVl7MPEM+uDj95kgT8lmnsizMBsBYA1Fu2Y6oohtcfGVSgh090wTdNfjpY8IrUfyvC7D1n6BLsQUC/6xZC3m2+GpzS06XlRPZ3KnrAVdO9lcDfSBX8MXQ4lx5seozaVYMWUrreC6jIw6BEOdxhc59btJL+emQ== \n",
                "username": "azureadmin"
              }
            ],
            "admin_username": "azureadmin",
            "allow_extension_operations": true,
            "availability_set_id": "",
            "boot_diagnostics": [],
            "computer_name": "bastion",
            "custom_data": null,
            "dedicated_host_id": "",
            "disable_password_authentication": true,
            "eviction_policy": "",
            "id": "/subscriptions/9d3e4275-4f66-42ac-a822-439f8d50eb99/resourceGroups/test2_resources/providers/Microsoft.Compute/virtualMachines/bastion",
            "identity": [],
            "location": "westus2",
            "max_bid_price": -1,
            "name": "bastion",
            "network_interface_ids": [
              "/subscriptions/9d3e4275-4f66-42ac-a822-439f8d50eb99/resourceGroups/test2_resources/providers/Microsoft.Network/networkInterfaces/bastion"
            ],
            "os_disk": [
              {
                "caching": "ReadWrite",
                "diff_disk_settings": [],
                "disk_encryption_set_id": "",
                "disk_size_gb": 30,
                "name": "bastion",
                "storage_account_type": "Premium_LRS",
                "write_accelerator_enabled": false
              }
            ],
            "plan": [],
            "priority": "Regular",
            "private_ip_address": "10.0.0.101",
            "private_ip_addresses": [
              "10.0.0.101",
              "10.0.0.100"
            ],
            "provision_vm_agent": true,
            "proximity_placement_group_id": "",
            "public_ip_address": "52.250.108.52",
            "public_ip_addresses": [
              "52.250.108.52"
            ],
            "resource_group_name": "test2_resources",
            "secret": [],
            "size": "Standard_E4s_v3",
            "source_image_id": "",
            "source_image_reference": [
              {
                "offer": "sles-sap-12-sp5",
                "publisher": "SUSE",
                "sku": "gen2",
                "version": "latest"
              }
            ],
            "tags": {},
            "timeouts": null,
            "virtual_machine_id": "550bbb84-411c-4406-b1ea-202a93e14f79",
            "zone": ""
          },
          "private": "eyJlMmJmYjczMC1lY2FhLTExZTYtOGY4OC0zNDM2M2JjN2M0YzAiOnsiY3JlYXRlIjoyNzAwMDAwMDAwMDAwLCJkZWxldGUiOjI3MDAwMDAwMDAwMDAsInJlYWQiOjMwMDAwMDAwMDAwMCwidXBkYXRlIjoyNzAwMDAwMDAwMDAwfX0=",
          "dependencies": [
            "azurerm_network_interface.bastion",
            "azurerm_public_ip.bastion",
            "azurerm_resource_group.example",
            "azurerm_subnet.example",
            "azurerm_virtual_network.example"
          ]
        }
      ]
    },
    {
      "mode": "managed",
      "type": "azurerm_linux_virtual_machine",
      "name": "nfs-0",
      "provider": "provider.azurerm",
      "instances": [
        {
          "schema_version": 0,
          "attributes": {
            "additional_capabilities": [],
            "admin_password": null,
            "admin_ssh_key": [
              {
                "public_key": "ssh-rsa AAAAB3NzaC1yc2EAAAADAQABAAACAQC0hi7vqqzsU2c3OZiqbSX298e7diNCMRo+XgAYN+ZkQHocg3/wybThl+syTokM8qBSESribZDKVUJyVDJsum0WnRQgKsu2rpg1tgC+f0EKj00PrxWIopla2/s5lx8PPgYrA3E7Z25ghjLzCcBt8JfyQWxcmgkWPfLitTBhbTcuG3FwlRe3SkbtuRi23vj2zX+y//YlStXIoXM1OdIYKom7r9wL66GAwT0Yx1TbdaRhvjcpSxZ/kmQkC/SQ6Pd/GlBQM2LTI1xOSPz4WEpZnGrYItCBWD37JEc4gr4HdEqEt/kP8ktiSbllR2ii2r1y2cxv4bknQi9PXPTOha/6wl4yGePj7eA0P0HjNZq7bJ2327IB5nLaEWJOEw50XqIUcsBmnT4RzjBEkkSV/oOXdt2gumQAbCkiS4lPp4Nlshgm+tLzConD/wf6pYORwjQkn90q4d5pkuPQHFWmsYansZmZaUH6YPCq7C85Ox6go4Uy3PEaE6+z2bQ2fQhkEy/AJdiCQWzxuk0Tgkm6dfVl7MPEM+uDj95kgT8lmnsizMBsBYA1Fu2Y6oohtcfGVSgh090wTdNfjpY8IrUfyvC7D1n6BLsQUC/6xZC3m2+GpzS06XlRPZ3KnrAVdO9lcDfSBX8MXQ4lx5seozaVYMWUrreC6jIw6BEOdxhc59btJL+emQ== \n",
                "username": "azureadmin"
              }
            ],
            "admin_username": "azureadmin",
            "allow_extension_operations": true,
            "availability_set_id": "/subscriptions/9d3e4275-4f66-42ac-a822-439f8d50eb99/resourceGroups/test2_resources/providers/Microsoft.Compute/availabilitySets/NFS",
            "boot_diagnostics": [],
            "computer_name": "nfs-0",
            "custom_data": null,
            "dedicated_host_id": "",
            "disable_password_authentication": true,
            "eviction_policy": "",
            "id": "/subscriptions/9d3e4275-4f66-42ac-a822-439f8d50eb99/resourceGroups/test2_resources/providers/Microsoft.Compute/virtualMachines/nfs-0",
            "identity": [],
            "location": "westus2",
            "max_bid_price": -1,
            "name": "nfs-0",
            "network_interface_ids": [
              "/subscriptions/9d3e4275-4f66-42ac-a822-439f8d50eb99/resourceGroups/test2_resources/providers/Microsoft.Network/networkInterfaces/nfs-0"
            ],
            "os_disk": [
              {
                "caching": "ReadWrite",
                "diff_disk_settings": [],
                "disk_encryption_set_id": "",
                "disk_size_gb": 100,
                "name": "nfs-0",
                "storage_account_type": "Premium_LRS",
                "write_accelerator_enabled": false
              }
            ],
            "plan": [],
            "priority": "Regular",
            "private_ip_address": "10.0.0.6",
            "private_ip_addresses": [
              "10.0.0.6"
            ],
            "provision_vm_agent": true,
            "proximity_placement_group_id": "",
            "public_ip_address": "",
            "public_ip_addresses": [],
            "resource_group_name": "test2_resources",
            "secret": [],
            "size": "Standard_DS2_v2",
            "source_image_id": "",
            "source_image_reference": [
              {
                "offer": "sles-sap-12-sp5",
                "publisher": "SUSE",
                "sku": "gen2",
                "version": "latest"
              }
            ],
            "tags": {},
            "timeouts": null,
            "virtual_machine_id": "8ef3d38d-8ecd-42ba-873c-00520921501c",
            "zone": ""
          },
          "private": "eyJlMmJmYjczMC1lY2FhLTExZTYtOGY4OC0zNDM2M2JjN2M0YzAiOnsiY3JlYXRlIjoyNzAwMDAwMDAwMDAwLCJkZWxldGUiOjI3MDAwMDAwMDAwMDAsInJlYWQiOjMwMDAwMDAwMDAwMCwidXBkYXRlIjoyNzAwMDAwMDAwMDAwfX0=",
          "dependencies": [
            "azurerm_availability_set.nfs",
            "azurerm_network_interface.nfs-0",
            "azurerm_resource_group.example",
            "azurerm_subnet.example",
            "azurerm_virtual_network.example"
          ]
        }
      ]
    },
    {
      "mode": "managed",
      "type": "azurerm_linux_virtual_machine",
      "name": "nfs-1",
      "provider": "provider.azurerm",
      "instances": [
        {
          "schema_version": 0,
          "attributes": {
            "additional_capabilities": [],
            "admin_password": null,
            "admin_ssh_key": [
              {
                "public_key": "ssh-rsa AAAAB3NzaC1yc2EAAAADAQABAAACAQC0hi7vqqzsU2c3OZiqbSX298e7diNCMRo+XgAYN+ZkQHocg3/wybThl+syTokM8qBSESribZDKVUJyVDJsum0WnRQgKsu2rpg1tgC+f0EKj00PrxWIopla2/s5lx8PPgYrA3E7Z25ghjLzCcBt8JfyQWxcmgkWPfLitTBhbTcuG3FwlRe3SkbtuRi23vj2zX+y//YlStXIoXM1OdIYKom7r9wL66GAwT0Yx1TbdaRhvjcpSxZ/kmQkC/SQ6Pd/GlBQM2LTI1xOSPz4WEpZnGrYItCBWD37JEc4gr4HdEqEt/kP8ktiSbllR2ii2r1y2cxv4bknQi9PXPTOha/6wl4yGePj7eA0P0HjNZq7bJ2327IB5nLaEWJOEw50XqIUcsBmnT4RzjBEkkSV/oOXdt2gumQAbCkiS4lPp4Nlshgm+tLzConD/wf6pYORwjQkn90q4d5pkuPQHFWmsYansZmZaUH6YPCq7C85Ox6go4Uy3PEaE6+z2bQ2fQhkEy/AJdiCQWzxuk0Tgkm6dfVl7MPEM+uDj95kgT8lmnsizMBsBYA1Fu2Y6oohtcfGVSgh090wTdNfjpY8IrUfyvC7D1n6BLsQUC/6xZC3m2+GpzS06XlRPZ3KnrAVdO9lcDfSBX8MXQ4lx5seozaVYMWUrreC6jIw6BEOdxhc59btJL+emQ== \n",
                "username": "azureadmin"
              }
            ],
            "admin_username": "azureadmin",
            "allow_extension_operations": true,
            "availability_set_id": "/subscriptions/9d3e4275-4f66-42ac-a822-439f8d50eb99/resourceGroups/test2_resources/providers/Microsoft.Compute/availabilitySets/NFS",
            "boot_diagnostics": [],
            "computer_name": "nfs-1",
            "custom_data": null,
            "dedicated_host_id": "",
            "disable_password_authentication": true,
            "eviction_policy": "",
            "id": "/subscriptions/9d3e4275-4f66-42ac-a822-439f8d50eb99/resourceGroups/test2_resources/providers/Microsoft.Compute/virtualMachines/nfs-1",
            "identity": [],
            "location": "westus2",
            "max_bid_price": -1,
            "name": "nfs-1",
            "network_interface_ids": [
              "/subscriptions/9d3e4275-4f66-42ac-a822-439f8d50eb99/resourceGroups/test2_resources/providers/Microsoft.Network/networkInterfaces/nfs-1"
            ],
            "os_disk": [
              {
                "caching": "ReadWrite",
                "diff_disk_settings": [],
                "disk_encryption_set_id": "",
                "disk_size_gb": 100,
                "name": "nfs-1",
                "storage_account_type": "Premium_LRS",
                "write_accelerator_enabled": false
              }
            ],
            "plan": [],
            "priority": "Regular",
            "private_ip_address": "10.0.0.7",
            "private_ip_addresses": [
              "10.0.0.7"
            ],
            "provision_vm_agent": true,
            "proximity_placement_group_id": "",
            "public_ip_address": "",
            "public_ip_addresses": [],
            "resource_group_name": "test2_resources",
            "secret": [],
            "size": "Standard_DS2_v2",
            "source_image_id": "",
            "source_image_reference": [
              {
                "offer": "sles-sap-12-sp5",
                "publisher": "SUSE",
                "sku": "gen2",
                "version": "latest"
              }
            ],
            "tags": {},
            "timeouts": null,
            "virtual_machine_id": "06d8cbf3-b02a-4c5c-b982-e3260c68d0bd",
            "zone": ""
          },
          "private": "eyJlMmJmYjczMC1lY2FhLTExZTYtOGY4OC0zNDM2M2JjN2M0YzAiOnsiY3JlYXRlIjoyNzAwMDAwMDAwMDAwLCJkZWxldGUiOjI3MDAwMDAwMDAwMDAsInJlYWQiOjMwMDAwMDAwMDAwMCwidXBkYXRlIjoyNzAwMDAwMDAwMDAwfX0=",
          "dependencies": [
            "azurerm_availability_set.nfs",
            "azurerm_network_interface.nfs-1",
            "azurerm_resource_group.example",
            "azurerm_subnet.example",
            "azurerm_virtual_network.example"
          ]
        }
      ]
    },
    {
      "mode": "managed",
      "type": "azurerm_linux_virtual_machine",
      "name": "sbd0",
      "provider": "provider.azurerm",
      "instances": [
        {
          "schema_version": 0,
          "attributes": {
            "additional_capabilities": [],
            "admin_password": null,
            "admin_ssh_key": [
              {
                "public_key": "ssh-rsa AAAAB3NzaC1yc2EAAAADAQABAAACAQC0hi7vqqzsU2c3OZiqbSX298e7diNCMRo+XgAYN+ZkQHocg3/wybThl+syTokM8qBSESribZDKVUJyVDJsum0WnRQgKsu2rpg1tgC+f0EKj00PrxWIopla2/s5lx8PPgYrA3E7Z25ghjLzCcBt8JfyQWxcmgkWPfLitTBhbTcuG3FwlRe3SkbtuRi23vj2zX+y//YlStXIoXM1OdIYKom7r9wL66GAwT0Yx1TbdaRhvjcpSxZ/kmQkC/SQ6Pd/GlBQM2LTI1xOSPz4WEpZnGrYItCBWD37JEc4gr4HdEqEt/kP8ktiSbllR2ii2r1y2cxv4bknQi9PXPTOha/6wl4yGePj7eA0P0HjNZq7bJ2327IB5nLaEWJOEw50XqIUcsBmnT4RzjBEkkSV/oOXdt2gumQAbCkiS4lPp4Nlshgm+tLzConD/wf6pYORwjQkn90q4d5pkuPQHFWmsYansZmZaUH6YPCq7C85Ox6go4Uy3PEaE6+z2bQ2fQhkEy/AJdiCQWzxuk0Tgkm6dfVl7MPEM+uDj95kgT8lmnsizMBsBYA1Fu2Y6oohtcfGVSgh090wTdNfjpY8IrUfyvC7D1n6BLsQUC/6xZC3m2+GpzS06XlRPZ3KnrAVdO9lcDfSBX8MXQ4lx5seozaVYMWUrreC6jIw6BEOdxhc59btJL+emQ== \n",
                "username": "azureadmin"
              }
            ],
            "admin_username": "azureadmin",
            "allow_extension_operations": true,
            "availability_set_id": "",
            "boot_diagnostics": [],
            "computer_name": "sbd0",
            "custom_data": null,
            "dedicated_host_id": "",
            "disable_password_authentication": true,
            "eviction_policy": "",
            "id": "/subscriptions/9d3e4275-4f66-42ac-a822-439f8d50eb99/resourceGroups/test2_resources/providers/Microsoft.Compute/virtualMachines/sbd0",
            "identity": [],
            "location": "westus2",
            "max_bid_price": -1,
            "name": "sbd0",
            "network_interface_ids": [
              "/subscriptions/9d3e4275-4f66-42ac-a822-439f8d50eb99/resourceGroups/test2_resources/providers/Microsoft.Network/networkInterfaces/sbd0"
            ],
            "os_disk": [
              {
                "caching": "ReadWrite",
                "diff_disk_settings": [],
                "disk_encryption_set_id": "",
                "disk_size_gb": 30,
                "name": "sbd0",
                "storage_account_type": "Premium_LRS",
                "write_accelerator_enabled": false
              }
            ],
            "plan": [],
            "priority": "Regular",
            "private_ip_address": "10.0.0.17",
            "private_ip_addresses": [
              "10.0.0.17"
            ],
            "provision_vm_agent": true,
            "proximity_placement_group_id": "",
            "public_ip_address": "",
            "public_ip_addresses": [],
            "resource_group_name": "test2_resources",
            "secret": [],
            "size": "Standard_E4s_v3",
            "source_image_id": "",
            "source_image_reference": [
              {
                "offer": "sles-sap-12-sp5",
                "publisher": "SUSE",
                "sku": "gen2",
                "version": "latest"
              }
            ],
            "tags": {},
            "timeouts": null,
            "virtual_machine_id": "e272e066-5c99-451a-b0be-1e663497319b",
            "zone": ""
          },
          "private": "eyJlMmJmYjczMC1lY2FhLTExZTYtOGY4OC0zNDM2M2JjN2M0YzAiOnsiY3JlYXRlIjoyNzAwMDAwMDAwMDAwLCJkZWxldGUiOjI3MDAwMDAwMDAwMDAsInJlYWQiOjMwMDAwMDAwMDAwMCwidXBkYXRlIjoyNzAwMDAwMDAwMDAwfX0=",
          "dependencies": [
            "azurerm_network_interface.sbd0",
            "azurerm_resource_group.example",
            "azurerm_subnet.example",
            "azurerm_virtual_network.example"
          ]
        }
      ]
    },
    {
      "mode": "managed",
      "type": "azurerm_linux_virtual_machine",
      "name": "sbd1",
      "provider": "provider.azurerm",
      "instances": [
        {
          "schema_version": 0,
          "attributes": {
            "additional_capabilities": [],
            "admin_password": null,
            "admin_ssh_key": [
              {
                "public_key": "ssh-rsa AAAAB3NzaC1yc2EAAAADAQABAAACAQC0hi7vqqzsU2c3OZiqbSX298e7diNCMRo+XgAYN+ZkQHocg3/wybThl+syTokM8qBSESribZDKVUJyVDJsum0WnRQgKsu2rpg1tgC+f0EKj00PrxWIopla2/s5lx8PPgYrA3E7Z25ghjLzCcBt8JfyQWxcmgkWPfLitTBhbTcuG3FwlRe3SkbtuRi23vj2zX+y//YlStXIoXM1OdIYKom7r9wL66GAwT0Yx1TbdaRhvjcpSxZ/kmQkC/SQ6Pd/GlBQM2LTI1xOSPz4WEpZnGrYItCBWD37JEc4gr4HdEqEt/kP8ktiSbllR2ii2r1y2cxv4bknQi9PXPTOha/6wl4yGePj7eA0P0HjNZq7bJ2327IB5nLaEWJOEw50XqIUcsBmnT4RzjBEkkSV/oOXdt2gumQAbCkiS4lPp4Nlshgm+tLzConD/wf6pYORwjQkn90q4d5pkuPQHFWmsYansZmZaUH6YPCq7C85Ox6go4Uy3PEaE6+z2bQ2fQhkEy/AJdiCQWzxuk0Tgkm6dfVl7MPEM+uDj95kgT8lmnsizMBsBYA1Fu2Y6oohtcfGVSgh090wTdNfjpY8IrUfyvC7D1n6BLsQUC/6xZC3m2+GpzS06XlRPZ3KnrAVdO9lcDfSBX8MXQ4lx5seozaVYMWUrreC6jIw6BEOdxhc59btJL+emQ== \n",
                "username": "azureadmin"
              }
            ],
            "admin_username": "azureadmin",
            "allow_extension_operations": true,
            "availability_set_id": "",
            "boot_diagnostics": [],
            "computer_name": "sbd1",
            "custom_data": null,
            "dedicated_host_id": "",
            "disable_password_authentication": true,
            "eviction_policy": "",
            "id": "/subscriptions/9d3e4275-4f66-42ac-a822-439f8d50eb99/resourceGroups/test2_resources/providers/Microsoft.Compute/virtualMachines/sbd1",
            "identity": [],
            "location": "westus2",
            "max_bid_price": -1,
            "name": "sbd1",
            "network_interface_ids": [
              "/subscriptions/9d3e4275-4f66-42ac-a822-439f8d50eb99/resourceGroups/test2_resources/providers/Microsoft.Network/networkInterfaces/sbd1"
            ],
            "os_disk": [
              {
                "caching": "ReadWrite",
                "diff_disk_settings": [],
                "disk_encryption_set_id": "",
                "disk_size_gb": 30,
                "name": "sbd1",
                "storage_account_type": "Premium_LRS",
                "write_accelerator_enabled": false
              }
            ],
            "plan": [],
            "priority": "Regular",
            "private_ip_address": "10.0.0.18",
            "private_ip_addresses": [
              "10.0.0.18"
            ],
            "provision_vm_agent": true,
            "proximity_placement_group_id": "",
            "public_ip_address": "",
            "public_ip_addresses": [],
            "resource_group_name": "test2_resources",
            "secret": [],
            "size": "Standard_E4s_v3",
            "source_image_id": "",
            "source_image_reference": [
              {
                "offer": "sles-sap-12-sp5",
                "publisher": "SUSE",
                "sku": "gen2",
                "version": "latest"
              }
            ],
            "tags": {},
            "timeouts": null,
            "virtual_machine_id": "779bcd7c-ccd5-4a84-81c4-bfa1a650ec07",
            "zone": ""
          },
          "private": "eyJlMmJmYjczMC1lY2FhLTExZTYtOGY4OC0zNDM2M2JjN2M0YzAiOnsiY3JlYXRlIjoyNzAwMDAwMDAwMDAwLCJkZWxldGUiOjI3MDAwMDAwMDAwMDAsInJlYWQiOjMwMDAwMDAwMDAwMCwidXBkYXRlIjoyNzAwMDAwMDAwMDAwfX0=",
          "dependencies": [
            "azurerm_network_interface.sbd1",
            "azurerm_resource_group.example",
            "azurerm_subnet.example",
            "azurerm_virtual_network.example"
          ]
        }
      ]
    },
    {
      "mode": "managed",
      "type": "azurerm_linux_virtual_machine",
      "name": "sbd2",
      "provider": "provider.azurerm",
      "instances": [
        {
          "schema_version": 0,
          "attributes": {
            "additional_capabilities": [],
            "admin_password": null,
            "admin_ssh_key": [
              {
                "public_key": "ssh-rsa AAAAB3NzaC1yc2EAAAADAQABAAACAQC0hi7vqqzsU2c3OZiqbSX298e7diNCMRo+XgAYN+ZkQHocg3/wybThl+syTokM8qBSESribZDKVUJyVDJsum0WnRQgKsu2rpg1tgC+f0EKj00PrxWIopla2/s5lx8PPgYrA3E7Z25ghjLzCcBt8JfyQWxcmgkWPfLitTBhbTcuG3FwlRe3SkbtuRi23vj2zX+y//YlStXIoXM1OdIYKom7r9wL66GAwT0Yx1TbdaRhvjcpSxZ/kmQkC/SQ6Pd/GlBQM2LTI1xOSPz4WEpZnGrYItCBWD37JEc4gr4HdEqEt/kP8ktiSbllR2ii2r1y2cxv4bknQi9PXPTOha/6wl4yGePj7eA0P0HjNZq7bJ2327IB5nLaEWJOEw50XqIUcsBmnT4RzjBEkkSV/oOXdt2gumQAbCkiS4lPp4Nlshgm+tLzConD/wf6pYORwjQkn90q4d5pkuPQHFWmsYansZmZaUH6YPCq7C85Ox6go4Uy3PEaE6+z2bQ2fQhkEy/AJdiCQWzxuk0Tgkm6dfVl7MPEM+uDj95kgT8lmnsizMBsBYA1Fu2Y6oohtcfGVSgh090wTdNfjpY8IrUfyvC7D1n6BLsQUC/6xZC3m2+GpzS06XlRPZ3KnrAVdO9lcDfSBX8MXQ4lx5seozaVYMWUrreC6jIw6BEOdxhc59btJL+emQ== \n",
                "username": "azureadmin"
              }
            ],
            "admin_username": "azureadmin",
            "allow_extension_operations": true,
            "availability_set_id": "",
            "boot_diagnostics": [],
            "computer_name": "sbd2",
            "custom_data": null,
            "dedicated_host_id": "",
            "disable_password_authentication": true,
            "eviction_policy": "",
            "id": "/subscriptions/9d3e4275-4f66-42ac-a822-439f8d50eb99/resourceGroups/test2_resources/providers/Microsoft.Compute/virtualMachines/sbd2",
            "identity": [],
            "location": "westus2",
            "max_bid_price": -1,
            "name": "sbd2",
            "network_interface_ids": [
              "/subscriptions/9d3e4275-4f66-42ac-a822-439f8d50eb99/resourceGroups/test2_resources/providers/Microsoft.Network/networkInterfaces/sbd2"
            ],
            "os_disk": [
              {
                "caching": "ReadWrite",
                "diff_disk_settings": [],
                "disk_encryption_set_id": "",
                "disk_size_gb": 30,
                "name": "sbd2",
                "storage_account_type": "Premium_LRS",
                "write_accelerator_enabled": false
              }
            ],
            "plan": [],
            "priority": "Regular",
            "private_ip_address": "10.0.0.19",
            "private_ip_addresses": [
              "10.0.0.19"
            ],
            "provision_vm_agent": true,
            "proximity_placement_group_id": "",
            "public_ip_address": "",
            "public_ip_addresses": [],
            "resource_group_name": "test2_resources",
            "secret": [],
            "size": "Standard_E4s_v3",
            "source_image_id": "",
            "source_image_reference": [
              {
                "offer": "sles-sap-12-sp5",
                "publisher": "SUSE",
                "sku": "gen2",
                "version": "latest"
              }
            ],
            "tags": {},
            "timeouts": null,
            "virtual_machine_id": "38a298ef-12cf-420a-adc9-aed85bdf9b88",
            "zone": ""
          },
          "private": "eyJlMmJmYjczMC1lY2FhLTExZTYtOGY4OC0zNDM2M2JjN2M0YzAiOnsiY3JlYXRlIjoyNzAwMDAwMDAwMDAwLCJkZWxldGUiOjI3MDAwMDAwMDAwMDAsInJlYWQiOjMwMDAwMDAwMDAwMCwidXBkYXRlIjoyNzAwMDAwMDAwMDAwfX0=",
          "dependencies": [
            "azurerm_network_interface.sbd2",
            "azurerm_resource_group.example",
            "azurerm_subnet.example",
            "azurerm_virtual_network.example"
          ]
        }
      ]
    },
    {
      "mode": "managed",
      "type": "azurerm_managed_disk",
      "name": "nfs-0a",
      "provider": "provider.azurerm",
      "instances": [
        {
          "schema_version": 0,
          "attributes": {
            "create_option": "Empty",
            "disk_encryption_set_id": "",
            "disk_iops_read_write": 500,
            "disk_mbps_read_write": 100,
            "disk_size_gb": 100,
            "encryption_settings": [],
            "id": "/subscriptions/9d3e4275-4f66-42ac-a822-439f8d50eb99/resourceGroups/test2_resources/providers/Microsoft.Compute/disks/nfs-0-disk1a",
            "image_reference_id": "",
            "location": "westus2",
            "name": "nfs-0-disk1a",
            "os_type": "",
            "resource_group_name": "test2_resources",
            "source_resource_id": "",
            "source_uri": "",
            "storage_account_id": "",
            "storage_account_type": "Premium_LRS",
            "tags": {},
            "timeouts": null,
            "zones": []
          },
          "private": "eyJlMmJmYjczMC1lY2FhLTExZTYtOGY4OC0zNDM2M2JjN2M0YzAiOnsiY3JlYXRlIjoxODAwMDAwMDAwMDAwLCJkZWxldGUiOjE4MDAwMDAwMDAwMDAsInJlYWQiOjMwMDAwMDAwMDAwMCwidXBkYXRlIjoxODAwMDAwMDAwMDAwfX0=",
          "dependencies": [
            "azurerm_availability_set.nfs",
            "azurerm_linux_virtual_machine.nfs-0",
            "azurerm_network_interface.nfs-0",
            "azurerm_resource_group.example",
            "azurerm_subnet.example",
            "azurerm_virtual_network.example"
          ]
        }
      ]
    },
    {
      "mode": "managed",
      "type": "azurerm_managed_disk",
      "name": "nfs-0b",
      "provider": "provider.azurerm",
      "instances": [
        {
          "schema_version": 0,
          "attributes": {
            "create_option": "Empty",
            "disk_encryption_set_id": "",
            "disk_iops_read_write": 500,
            "disk_mbps_read_write": 100,
            "disk_size_gb": 100,
            "encryption_settings": [],
            "id": "/subscriptions/9d3e4275-4f66-42ac-a822-439f8d50eb99/resourceGroups/test2_resources/providers/Microsoft.Compute/disks/nfs-0-disk1b",
            "image_reference_id": "",
            "location": "westus2",
            "name": "nfs-0-disk1b",
            "os_type": "",
            "resource_group_name": "test2_resources",
            "source_resource_id": "",
            "source_uri": "",
            "storage_account_id": "",
            "storage_account_type": "Premium_LRS",
            "tags": {},
            "timeouts": null,
            "zones": []
          },
          "private": "eyJlMmJmYjczMC1lY2FhLTExZTYtOGY4OC0zNDM2M2JjN2M0YzAiOnsiY3JlYXRlIjoxODAwMDAwMDAwMDAwLCJkZWxldGUiOjE4MDAwMDAwMDAwMDAsInJlYWQiOjMwMDAwMDAwMDAwMCwidXBkYXRlIjoxODAwMDAwMDAwMDAwfX0=",
          "dependencies": [
            "azurerm_availability_set.nfs",
            "azurerm_linux_virtual_machine.nfs-0",
            "azurerm_network_interface.nfs-0",
            "azurerm_resource_group.example",
            "azurerm_subnet.example",
            "azurerm_virtual_network.example"
          ]
        }
      ]
    },
    {
      "mode": "managed",
      "type": "azurerm_managed_disk",
      "name": "nfs-1a",
      "provider": "provider.azurerm",
      "instances": [
        {
          "schema_version": 0,
          "attributes": {
            "create_option": "Empty",
            "disk_encryption_set_id": "",
            "disk_iops_read_write": 500,
            "disk_mbps_read_write": 100,
            "disk_size_gb": 100,
            "encryption_settings": [],
            "id": "/subscriptions/9d3e4275-4f66-42ac-a822-439f8d50eb99/resourceGroups/test2_resources/providers/Microsoft.Compute/disks/nfs-1-disk1a",
            "image_reference_id": "",
            "location": "westus2",
            "name": "nfs-1-disk1a",
            "os_type": "",
            "resource_group_name": "test2_resources",
            "source_resource_id": "",
            "source_uri": "",
            "storage_account_id": "",
            "storage_account_type": "Premium_LRS",
            "tags": {},
            "timeouts": null,
            "zones": []
          },
          "private": "eyJlMmJmYjczMC1lY2FhLTExZTYtOGY4OC0zNDM2M2JjN2M0YzAiOnsiY3JlYXRlIjoxODAwMDAwMDAwMDAwLCJkZWxldGUiOjE4MDAwMDAwMDAwMDAsInJlYWQiOjMwMDAwMDAwMDAwMCwidXBkYXRlIjoxODAwMDAwMDAwMDAwfX0=",
          "dependencies": [
            "azurerm_availability_set.nfs",
            "azurerm_linux_virtual_machine.nfs-1",
            "azurerm_network_interface.nfs-1",
            "azurerm_resource_group.example",
            "azurerm_subnet.example",
            "azurerm_virtual_network.example"
          ]
        }
      ]
    },
    {
      "mode": "managed",
      "type": "azurerm_managed_disk",
      "name": "nfs-1b",
      "provider": "provider.azurerm",
      "instances": [
        {
          "schema_version": 0,
          "attributes": {
            "create_option": "Empty",
            "disk_encryption_set_id": "",
            "disk_iops_read_write": 500,
            "disk_mbps_read_write": 100,
            "disk_size_gb": 100,
            "encryption_settings": [],
            "id": "/subscriptions/9d3e4275-4f66-42ac-a822-439f8d50eb99/resourceGroups/test2_resources/providers/Microsoft.Compute/disks/nfs-1-disk1b",
            "image_reference_id": "",
            "location": "westus2",
            "name": "nfs-1-disk1b",
            "os_type": "",
            "resource_group_name": "test2_resources",
            "source_resource_id": "",
            "source_uri": "",
            "storage_account_id": "",
            "storage_account_type": "Premium_LRS",
            "tags": {},
            "timeouts": null,
            "zones": []
          },
          "private": "eyJlMmJmYjczMC1lY2FhLTExZTYtOGY4OC0zNDM2M2JjN2M0YzAiOnsiY3JlYXRlIjoxODAwMDAwMDAwMDAwLCJkZWxldGUiOjE4MDAwMDAwMDAwMDAsInJlYWQiOjMwMDAwMDAwMDAwMCwidXBkYXRlIjoxODAwMDAwMDAwMDAwfX0=",
          "dependencies": [
            "azurerm_availability_set.nfs",
            "azurerm_linux_virtual_machine.nfs-1",
            "azurerm_network_interface.nfs-1",
            "azurerm_resource_group.example",
            "azurerm_subnet.example",
            "azurerm_virtual_network.example"
          ]
        }
      ]
    },
    {
      "mode": "managed",
      "type": "azurerm_network_interface",
      "name": "bastion",
      "provider": "provider.azurerm",
      "instances": [
        {
          "schema_version": 0,
          "attributes": {
            "applied_dns_servers": [],
            "dns_servers": [],
            "enable_accelerated_networking": false,
            "enable_ip_forwarding": false,
            "id": "/subscriptions/9d3e4275-4f66-42ac-a822-439f8d50eb99/resourceGroups/test2_resources/providers/Microsoft.Network/networkInterfaces/bastion",
            "internal_dns_name_label": "",
            "internal_domain_name_suffix": "1uhkontovrculismgok1iuljtg.xx.internal.cloudapp.net",
            "ip_configuration": [
              {
                "name": "bastion-public",
                "primary": true,
                "private_ip_address": "10.0.0.101",
                "private_ip_address_allocation": "Static",
                "private_ip_address_version": "IPv4",
                "public_ip_address_id": "/subscriptions/9d3e4275-4f66-42ac-a822-439f8d50eb99/resourceGroups/test2_resources/providers/Microsoft.Network/publicIPAddresses/bastion",
                "subnet_id": "/subscriptions/9d3e4275-4f66-42ac-a822-439f8d50eb99/resourceGroups/test2_resources/providers/Microsoft.Network/virtualNetworks/test2-network/subnets/internal"
              },
              {
                "name": "bastion-private",
                "primary": false,
                "private_ip_address": "10.0.0.100",
                "private_ip_address_allocation": "Static",
                "private_ip_address_version": "IPv4",
                "public_ip_address_id": "",
                "subnet_id": "/subscriptions/9d3e4275-4f66-42ac-a822-439f8d50eb99/resourceGroups/test2_resources/providers/Microsoft.Network/virtualNetworks/test2-network/subnets/internal"
              }
            ],
            "location": "westus2",
            "mac_address": "00-0D-3A-6D-11-EE",
            "name": "bastion",
            "private_ip_address": "10.0.0.101",
            "private_ip_addresses": [
              "10.0.0.101",
              "10.0.0.100"
            ],
            "resource_group_name": "test2_resources",
            "tags": {},
            "timeouts": null,
            "virtual_machine_id": "/subscriptions/9d3e4275-4f66-42ac-a822-439f8d50eb99/resourceGroups/test2_resources/providers/Microsoft.Compute/virtualMachines/bastion"
          },
          "private": "eyJlMmJmYjczMC1lY2FhLTExZTYtOGY4OC0zNDM2M2JjN2M0YzAiOnsiY3JlYXRlIjoxODAwMDAwMDAwMDAwLCJkZWxldGUiOjE4MDAwMDAwMDAwMDAsInJlYWQiOjMwMDAwMDAwMDAwMCwidXBkYXRlIjoxODAwMDAwMDAwMDAwfX0=",
          "dependencies": [
            "azurerm_public_ip.bastion",
            "azurerm_resource_group.example",
            "azurerm_subnet.example",
            "azurerm_virtual_network.example"
          ]
        }
      ]
    },
    {
      "mode": "managed",
      "type": "azurerm_network_interface",
      "name": "nfs-0",
      "provider": "provider.azurerm",
      "instances": [
        {
          "schema_version": 0,
          "attributes": {
            "applied_dns_servers": [],
            "dns_servers": [],
            "enable_accelerated_networking": false,
            "enable_ip_forwarding": false,
            "id": "/subscriptions/9d3e4275-4f66-42ac-a822-439f8d50eb99/resourceGroups/test2_resources/providers/Microsoft.Network/networkInterfaces/nfs-0",
            "internal_dns_name_label": "",
            "internal_domain_name_suffix": "1uhkontovrculismgok1iuljtg.xx.internal.cloudapp.net",
            "ip_configuration": [
              {
                "name": "nfs-0-private",
                "primary": true,
                "private_ip_address": "10.0.0.6",
                "private_ip_address_allocation": "Static",
                "private_ip_address_version": "IPv4",
                "public_ip_address_id": "",
                "subnet_id": "/subscriptions/9d3e4275-4f66-42ac-a822-439f8d50eb99/resourceGroups/test2_resources/providers/Microsoft.Network/virtualNetworks/test2-network/subnets/internal"
              }
            ],
            "location": "westus2",
            "mac_address": "00-0D-3A-6C-D3-8C",
            "name": "nfs-0",
            "private_ip_address": "10.0.0.6",
            "private_ip_addresses": [
              "10.0.0.6"
            ],
            "resource_group_name": "test2_resources",
            "tags": {},
            "timeouts": null,
            "virtual_machine_id": "/subscriptions/9d3e4275-4f66-42ac-a822-439f8d50eb99/resourceGroups/test2_resources/providers/Microsoft.Compute/virtualMachines/nfs-0"
          },
          "private": "eyJlMmJmYjczMC1lY2FhLTExZTYtOGY4OC0zNDM2M2JjN2M0YzAiOnsiY3JlYXRlIjoxODAwMDAwMDAwMDAwLCJkZWxldGUiOjE4MDAwMDAwMDAwMDAsInJlYWQiOjMwMDAwMDAwMDAwMCwidXBkYXRlIjoxODAwMDAwMDAwMDAwfX0=",
          "dependencies": [
            "azurerm_resource_group.example",
            "azurerm_subnet.example",
            "azurerm_virtual_network.example"
          ]
        }
      ]
    },
    {
      "mode": "managed",
      "type": "azurerm_network_interface",
      "name": "nfs-1",
      "provider": "provider.azurerm",
      "instances": [
        {
          "schema_version": 0,
          "attributes": {
            "applied_dns_servers": [],
            "dns_servers": [],
            "enable_accelerated_networking": false,
            "enable_ip_forwarding": false,
            "id": "/subscriptions/9d3e4275-4f66-42ac-a822-439f8d50eb99/resourceGroups/test2_resources/providers/Microsoft.Network/networkInterfaces/nfs-1",
            "internal_dns_name_label": "",
            "internal_domain_name_suffix": "1uhkontovrculismgok1iuljtg.xx.internal.cloudapp.net",
            "ip_configuration": [
              {
                "name": "nfs-1-private",
                "primary": true,
                "private_ip_address": "10.0.0.7",
                "private_ip_address_allocation": "Static",
                "private_ip_address_version": "IPv4",
                "public_ip_address_id": "",
                "subnet_id": "/subscriptions/9d3e4275-4f66-42ac-a822-439f8d50eb99/resourceGroups/test2_resources/providers/Microsoft.Network/virtualNetworks/test2-network/subnets/internal"
              }
            ],
            "location": "westus2",
            "mac_address": "00-0D-3A-6D-17-16",
            "name": "nfs-1",
            "private_ip_address": "10.0.0.7",
            "private_ip_addresses": [
              "10.0.0.7"
            ],
            "resource_group_name": "test2_resources",
            "tags": {},
            "timeouts": null,
            "virtual_machine_id": "/subscriptions/9d3e4275-4f66-42ac-a822-439f8d50eb99/resourceGroups/test2_resources/providers/Microsoft.Compute/virtualMachines/nfs-1"
          },
          "private": "eyJlMmJmYjczMC1lY2FhLTExZTYtOGY4OC0zNDM2M2JjN2M0YzAiOnsiY3JlYXRlIjoxODAwMDAwMDAwMDAwLCJkZWxldGUiOjE4MDAwMDAwMDAwMDAsInJlYWQiOjMwMDAwMDAwMDAwMCwidXBkYXRlIjoxODAwMDAwMDAwMDAwfX0=",
          "dependencies": [
            "azurerm_resource_group.example",
            "azurerm_subnet.example",
            "azurerm_virtual_network.example"
          ]
        }
      ]
    },
    {
      "mode": "managed",
      "type": "azurerm_network_interface",
      "name": "sbd0",
      "provider": "provider.azurerm",
      "instances": [
        {
          "schema_version": 0,
          "attributes": {
            "applied_dns_servers": [],
            "dns_servers": [],
            "enable_accelerated_networking": false,
            "enable_ip_forwarding": false,
            "id": "/subscriptions/9d3e4275-4f66-42ac-a822-439f8d50eb99/resourceGroups/test2_resources/providers/Microsoft.Network/networkInterfaces/sbd0",
            "internal_dns_name_label": "",
            "internal_domain_name_suffix": "1uhkontovrculismgok1iuljtg.xx.internal.cloudapp.net",
            "ip_configuration": [
              {
                "name": "sbd0-private",
                "primary": true,
                "private_ip_address": "10.0.0.17",
                "private_ip_address_allocation": "Static",
                "private_ip_address_version": "IPv4",
                "public_ip_address_id": "",
                "subnet_id": "/subscriptions/9d3e4275-4f66-42ac-a822-439f8d50eb99/resourceGroups/test2_resources/providers/Microsoft.Network/virtualNetworks/test2-network/subnets/internal"
              }
            ],
            "location": "westus2",
            "mac_address": "00-0D-3A-6D-13-22",
            "name": "sbd0",
            "private_ip_address": "10.0.0.17",
            "private_ip_addresses": [
              "10.0.0.17"
            ],
            "resource_group_name": "test2_resources",
            "tags": {},
            "timeouts": null,
            "virtual_machine_id": "/subscriptions/9d3e4275-4f66-42ac-a822-439f8d50eb99/resourceGroups/test2_resources/providers/Microsoft.Compute/virtualMachines/sbd0"
          },
          "private": "eyJlMmJmYjczMC1lY2FhLTExZTYtOGY4OC0zNDM2M2JjN2M0YzAiOnsiY3JlYXRlIjoxODAwMDAwMDAwMDAwLCJkZWxldGUiOjE4MDAwMDAwMDAwMDAsInJlYWQiOjMwMDAwMDAwMDAwMCwidXBkYXRlIjoxODAwMDAwMDAwMDAwfX0=",
          "dependencies": [
            "azurerm_resource_group.example",
            "azurerm_subnet.example",
            "azurerm_virtual_network.example"
          ]
        }
      ]
    },
    {
      "mode": "managed",
      "type": "azurerm_network_interface",
      "name": "sbd1",
      "provider": "provider.azurerm",
      "instances": [
        {
          "schema_version": 0,
          "attributes": {
            "applied_dns_servers": [],
            "dns_servers": [],
            "enable_accelerated_networking": false,
            "enable_ip_forwarding": false,
            "id": "/subscriptions/9d3e4275-4f66-42ac-a822-439f8d50eb99/resourceGroups/test2_resources/providers/Microsoft.Network/networkInterfaces/sbd1",
            "internal_dns_name_label": "",
            "internal_domain_name_suffix": "1uhkontovrculismgok1iuljtg.xx.internal.cloudapp.net",
            "ip_configuration": [
              {
                "name": "sbd1-private",
                "primary": true,
                "private_ip_address": "10.0.0.18",
                "private_ip_address_allocation": "Static",
                "private_ip_address_version": "IPv4",
                "public_ip_address_id": "",
                "subnet_id": "/subscriptions/9d3e4275-4f66-42ac-a822-439f8d50eb99/resourceGroups/test2_resources/providers/Microsoft.Network/virtualNetworks/test2-network/subnets/internal"
              }
            ],
            "location": "westus2",
            "mac_address": "00-0D-3A-6D-12-54",
            "name": "sbd1",
            "private_ip_address": "10.0.0.18",
            "private_ip_addresses": [
              "10.0.0.18"
            ],
            "resource_group_name": "test2_resources",
            "tags": {},
            "timeouts": null,
            "virtual_machine_id": "/subscriptions/9d3e4275-4f66-42ac-a822-439f8d50eb99/resourceGroups/test2_resources/providers/Microsoft.Compute/virtualMachines/sbd1"
          },
          "private": "eyJlMmJmYjczMC1lY2FhLTExZTYtOGY4OC0zNDM2M2JjN2M0YzAiOnsiY3JlYXRlIjoxODAwMDAwMDAwMDAwLCJkZWxldGUiOjE4MDAwMDAwMDAwMDAsInJlYWQiOjMwMDAwMDAwMDAwMCwidXBkYXRlIjoxODAwMDAwMDAwMDAwfX0=",
          "dependencies": [
            "azurerm_resource_group.example",
            "azurerm_subnet.example",
            "azurerm_virtual_network.example"
          ]
        }
      ]
    },
    {
      "mode": "managed",
      "type": "azurerm_network_interface",
      "name": "sbd2",
      "provider": "provider.azurerm",
      "instances": [
        {
          "schema_version": 0,
          "attributes": {
            "applied_dns_servers": [],
            "dns_servers": [],
            "enable_accelerated_networking": false,
            "enable_ip_forwarding": false,
            "id": "/subscriptions/9d3e4275-4f66-42ac-a822-439f8d50eb99/resourceGroups/test2_resources/providers/Microsoft.Network/networkInterfaces/sbd2",
            "internal_dns_name_label": "",
            "internal_domain_name_suffix": "1uhkontovrculismgok1iuljtg.xx.internal.cloudapp.net",
            "ip_configuration": [
              {
                "name": "sbd2-private",
                "primary": true,
                "private_ip_address": "10.0.0.19",
                "private_ip_address_allocation": "Static",
                "private_ip_address_version": "IPv4",
                "public_ip_address_id": "",
                "subnet_id": "/subscriptions/9d3e4275-4f66-42ac-a822-439f8d50eb99/resourceGroups/test2_resources/providers/Microsoft.Network/virtualNetworks/test2-network/subnets/internal"
              }
            ],
            "location": "westus2",
            "mac_address": "00-0D-3A-6D-18-AB",
            "name": "sbd2",
            "private_ip_address": "10.0.0.19",
            "private_ip_addresses": [
              "10.0.0.19"
            ],
            "resource_group_name": "test2_resources",
            "tags": {},
            "timeouts": null,
            "virtual_machine_id": "/subscriptions/9d3e4275-4f66-42ac-a822-439f8d50eb99/resourceGroups/test2_resources/providers/Microsoft.Compute/virtualMachines/sbd2"
          },
          "private": "eyJlMmJmYjczMC1lY2FhLTExZTYtOGY4OC0zNDM2M2JjN2M0YzAiOnsiY3JlYXRlIjoxODAwMDAwMDAwMDAwLCJkZWxldGUiOjE4MDAwMDAwMDAwMDAsInJlYWQiOjMwMDAwMDAwMDAwMCwidXBkYXRlIjoxODAwMDAwMDAwMDAwfX0=",
          "dependencies": [
            "azurerm_resource_group.example",
            "azurerm_subnet.example",
            "azurerm_virtual_network.example"
          ]
        }
      ]
    },
    {
      "mode": "managed",
      "type": "azurerm_network_interface_backend_address_pool_association",
      "name": "lb-0",
      "provider": "provider.azurerm",
      "instances": [
        {
          "schema_version": 0,
          "attributes": {
            "backend_address_pool_id": "/subscriptions/9d3e4275-4f66-42ac-a822-439f8d50eb99/resourceGroups/test2_resources/providers/Microsoft.Network/loadBalancers/TestLoadBalancer/backendAddressPools/nw-backend",
            "id": "/subscriptions/9d3e4275-4f66-42ac-a822-439f8d50eb99/resourceGroups/test2_resources/providers/Microsoft.Network/networkInterfaces/nfs-0/ipConfigurations/nfs-0-private|/subscriptions/9d3e4275-4f66-42ac-a822-439f8d50eb99/resourceGroups/test2_resources/providers/Microsoft.Network/loadBalancers/TestLoadBalancer/backendAddressPools/nw-backend",
            "ip_configuration_name": "nfs-0-private",
            "network_interface_id": "/subscriptions/9d3e4275-4f66-42ac-a822-439f8d50eb99/resourceGroups/test2_resources/providers/Microsoft.Network/networkInterfaces/nfs-0",
            "timeouts": null
          },
          "private": "eyJlMmJmYjczMC1lY2FhLTExZTYtOGY4OC0zNDM2M2JjN2M0YzAiOnsiY3JlYXRlIjoxODAwMDAwMDAwMDAwLCJkZWxldGUiOjE4MDAwMDAwMDAwMDAsInJlYWQiOjMwMDAwMDAwMDAwMCwidXBkYXRlIjoxODAwMDAwMDAwMDAwfX0=",
          "dependencies": [
            "azurerm_lb.lb",
            "azurerm_lb_backend_address_pool.lb",
            "azurerm_network_interface.nfs-0",
            "azurerm_resource_group.example",
            "azurerm_subnet.example",
            "azurerm_virtual_network.example"
          ]
        }
      ]
    },
    {
      "mode": "managed",
      "type": "azurerm_network_interface_backend_address_pool_association",
      "name": "lb-1",
      "provider": "provider.azurerm",
      "instances": [
        {
          "schema_version": 0,
          "attributes": {
            "backend_address_pool_id": "/subscriptions/9d3e4275-4f66-42ac-a822-439f8d50eb99/resourceGroups/test2_resources/providers/Microsoft.Network/loadBalancers/TestLoadBalancer/backendAddressPools/nw-backend",
            "id": "/subscriptions/9d3e4275-4f66-42ac-a822-439f8d50eb99/resourceGroups/test2_resources/providers/Microsoft.Network/networkInterfaces/nfs-1/ipConfigurations/nfs-1-private|/subscriptions/9d3e4275-4f66-42ac-a822-439f8d50eb99/resourceGroups/test2_resources/providers/Microsoft.Network/loadBalancers/TestLoadBalancer/backendAddressPools/nw-backend",
            "ip_configuration_name": "nfs-1-private",
            "network_interface_id": "/subscriptions/9d3e4275-4f66-42ac-a822-439f8d50eb99/resourceGroups/test2_resources/providers/Microsoft.Network/networkInterfaces/nfs-1",
            "timeouts": null
          },
          "private": "eyJlMmJmYjczMC1lY2FhLTExZTYtOGY4OC0zNDM2M2JjN2M0YzAiOnsiY3JlYXRlIjoxODAwMDAwMDAwMDAwLCJkZWxldGUiOjE4MDAwMDAwMDAwMDAsInJlYWQiOjMwMDAwMDAwMDAwMCwidXBkYXRlIjoxODAwMDAwMDAwMDAwfX0=",
          "dependencies": [
            "azurerm_lb.lb",
            "azurerm_lb_backend_address_pool.lb",
            "azurerm_network_interface.nfs-1",
            "azurerm_resource_group.example",
            "azurerm_subnet.example",
            "azurerm_virtual_network.example"
          ]
        }
      ]
    },
    {
      "mode": "managed",
      "type": "azurerm_network_interface_security_group_association",
      "name": "example",
      "provider": "provider.azurerm",
      "instances": [
        {
          "schema_version": 0,
          "attributes": {
            "id": "/subscriptions/9d3e4275-4f66-42ac-a822-439f8d50eb99/resourceGroups/test2_resources/providers/Microsoft.Network/networkInterfaces/bastion|/subscriptions/9d3e4275-4f66-42ac-a822-439f8d50eb99/resourceGroups/test2_resources/providers/Microsoft.Network/networkSecurityGroups/ssh",
            "network_interface_id": "/subscriptions/9d3e4275-4f66-42ac-a822-439f8d50eb99/resourceGroups/test2_resources/providers/Microsoft.Network/networkInterfaces/bastion",
            "network_security_group_id": "/subscriptions/9d3e4275-4f66-42ac-a822-439f8d50eb99/resourceGroups/test2_resources/providers/Microsoft.Network/networkSecurityGroups/ssh",
            "timeouts": null
          },
          "private": "eyJlMmJmYjczMC1lY2FhLTExZTYtOGY4OC0zNDM2M2JjN2M0YzAiOnsiY3JlYXRlIjoxODAwMDAwMDAwMDAwLCJkZWxldGUiOjE4MDAwMDAwMDAwMDAsInJlYWQiOjMwMDAwMDAwMDAwMCwidXBkYXRlIjoxODAwMDAwMDAwMDAwfX0=",
          "dependencies": [
            "azurerm_network_interface.bastion",
            "azurerm_network_security_group.ssh",
            "azurerm_public_ip.bastion",
            "azurerm_resource_group.example",
            "azurerm_subnet.example",
            "azurerm_virtual_network.example"
          ]
        }
      ]
    },
    {
      "mode": "managed",
      "type": "azurerm_network_interface_security_group_association",
      "name": "nfs-0",
      "provider": "provider.azurerm",
      "instances": [
        {
          "schema_version": 0,
          "attributes": {
            "id": "/subscriptions/9d3e4275-4f66-42ac-a822-439f8d50eb99/resourceGroups/test2_resources/providers/Microsoft.Network/networkInterfaces/nfs-0|/subscriptions/9d3e4275-4f66-42ac-a822-439f8d50eb99/resourceGroups/test2_resources/providers/Microsoft.Network/networkSecurityGroups/ssh",
            "network_interface_id": "/subscriptions/9d3e4275-4f66-42ac-a822-439f8d50eb99/resourceGroups/test2_resources/providers/Microsoft.Network/networkInterfaces/nfs-0",
            "network_security_group_id": "/subscriptions/9d3e4275-4f66-42ac-a822-439f8d50eb99/resourceGroups/test2_resources/providers/Microsoft.Network/networkSecurityGroups/ssh",
            "timeouts": null
          },
          "private": "eyJlMmJmYjczMC1lY2FhLTExZTYtOGY4OC0zNDM2M2JjN2M0YzAiOnsiY3JlYXRlIjoxODAwMDAwMDAwMDAwLCJkZWxldGUiOjE4MDAwMDAwMDAwMDAsInJlYWQiOjMwMDAwMDAwMDAwMCwidXBkYXRlIjoxODAwMDAwMDAwMDAwfX0=",
          "dependencies": [
            "azurerm_network_interface.nfs-0",
            "azurerm_network_security_group.ssh",
            "azurerm_resource_group.example",
            "azurerm_subnet.example",
            "azurerm_virtual_network.example"
          ]
        }
      ]
    },
    {
      "mode": "managed",
      "type": "azurerm_network_interface_security_group_association",
      "name": "nfs-1",
      "provider": "provider.azurerm",
      "instances": [
        {
          "schema_version": 0,
          "attributes": {
            "id": "/subscriptions/9d3e4275-4f66-42ac-a822-439f8d50eb99/resourceGroups/test2_resources/providers/Microsoft.Network/networkInterfaces/nfs-1|/subscriptions/9d3e4275-4f66-42ac-a822-439f8d50eb99/resourceGroups/test2_resources/providers/Microsoft.Network/networkSecurityGroups/ssh",
            "network_interface_id": "/subscriptions/9d3e4275-4f66-42ac-a822-439f8d50eb99/resourceGroups/test2_resources/providers/Microsoft.Network/networkInterfaces/nfs-1",
            "network_security_group_id": "/subscriptions/9d3e4275-4f66-42ac-a822-439f8d50eb99/resourceGroups/test2_resources/providers/Microsoft.Network/networkSecurityGroups/ssh",
            "timeouts": null
          },
          "private": "eyJlMmJmYjczMC1lY2FhLTExZTYtOGY4OC0zNDM2M2JjN2M0YzAiOnsiY3JlYXRlIjoxODAwMDAwMDAwMDAwLCJkZWxldGUiOjE4MDAwMDAwMDAwMDAsInJlYWQiOjMwMDAwMDAwMDAwMCwidXBkYXRlIjoxODAwMDAwMDAwMDAwfX0=",
          "dependencies": [
            "azurerm_network_interface.nfs-1",
            "azurerm_network_security_group.ssh",
            "azurerm_resource_group.example",
            "azurerm_subnet.example",
            "azurerm_virtual_network.example"
          ]
        }
      ]
    },
    {
      "mode": "managed",
      "type": "azurerm_network_interface_security_group_association",
      "name": "sbd0",
      "provider": "provider.azurerm",
      "instances": [
        {
          "schema_version": 0,
          "attributes": {
            "id": "/subscriptions/9d3e4275-4f66-42ac-a822-439f8d50eb99/resourceGroups/test2_resources/providers/Microsoft.Network/networkInterfaces/sbd0|/subscriptions/9d3e4275-4f66-42ac-a822-439f8d50eb99/resourceGroups/test2_resources/providers/Microsoft.Network/networkSecurityGroups/ssh",
            "network_interface_id": "/subscriptions/9d3e4275-4f66-42ac-a822-439f8d50eb99/resourceGroups/test2_resources/providers/Microsoft.Network/networkInterfaces/sbd0",
            "network_security_group_id": "/subscriptions/9d3e4275-4f66-42ac-a822-439f8d50eb99/resourceGroups/test2_resources/providers/Microsoft.Network/networkSecurityGroups/ssh",
            "timeouts": null
          },
          "private": "eyJlMmJmYjczMC1lY2FhLTExZTYtOGY4OC0zNDM2M2JjN2M0YzAiOnsiY3JlYXRlIjoxODAwMDAwMDAwMDAwLCJkZWxldGUiOjE4MDAwMDAwMDAwMDAsInJlYWQiOjMwMDAwMDAwMDAwMCwidXBkYXRlIjoxODAwMDAwMDAwMDAwfX0=",
          "dependencies": [
            "azurerm_network_interface.sbd0",
            "azurerm_network_security_group.ssh",
            "azurerm_resource_group.example",
            "azurerm_subnet.example",
            "azurerm_virtual_network.example"
          ]
        }
      ]
    },
    {
      "mode": "managed",
      "type": "azurerm_network_interface_security_group_association",
      "name": "sbd1",
      "provider": "provider.azurerm",
      "instances": [
        {
          "schema_version": 0,
          "attributes": {
            "id": "/subscriptions/9d3e4275-4f66-42ac-a822-439f8d50eb99/resourceGroups/test2_resources/providers/Microsoft.Network/networkInterfaces/sbd1|/subscriptions/9d3e4275-4f66-42ac-a822-439f8d50eb99/resourceGroups/test2_resources/providers/Microsoft.Network/networkSecurityGroups/ssh",
            "network_interface_id": "/subscriptions/9d3e4275-4f66-42ac-a822-439f8d50eb99/resourceGroups/test2_resources/providers/Microsoft.Network/networkInterfaces/sbd1",
            "network_security_group_id": "/subscriptions/9d3e4275-4f66-42ac-a822-439f8d50eb99/resourceGroups/test2_resources/providers/Microsoft.Network/networkSecurityGroups/ssh",
            "timeouts": null
          },
          "private": "eyJlMmJmYjczMC1lY2FhLTExZTYtOGY4OC0zNDM2M2JjN2M0YzAiOnsiY3JlYXRlIjoxODAwMDAwMDAwMDAwLCJkZWxldGUiOjE4MDAwMDAwMDAwMDAsInJlYWQiOjMwMDAwMDAwMDAwMCwidXBkYXRlIjoxODAwMDAwMDAwMDAwfX0=",
          "dependencies": [
            "azurerm_network_interface.sbd1",
            "azurerm_network_security_group.ssh",
            "azurerm_resource_group.example",
            "azurerm_subnet.example",
            "azurerm_virtual_network.example"
          ]
        }
      ]
    },
    {
      "mode": "managed",
      "type": "azurerm_network_interface_security_group_association",
      "name": "sbd2",
      "provider": "provider.azurerm",
      "instances": [
        {
          "schema_version": 0,
          "attributes": {
            "id": "/subscriptions/9d3e4275-4f66-42ac-a822-439f8d50eb99/resourceGroups/test2_resources/providers/Microsoft.Network/networkInterfaces/sbd2|/subscriptions/9d3e4275-4f66-42ac-a822-439f8d50eb99/resourceGroups/test2_resources/providers/Microsoft.Network/networkSecurityGroups/ssh",
            "network_interface_id": "/subscriptions/9d3e4275-4f66-42ac-a822-439f8d50eb99/resourceGroups/test2_resources/providers/Microsoft.Network/networkInterfaces/sbd2",
            "network_security_group_id": "/subscriptions/9d3e4275-4f66-42ac-a822-439f8d50eb99/resourceGroups/test2_resources/providers/Microsoft.Network/networkSecurityGroups/ssh",
            "timeouts": null
          },
          "private": "eyJlMmJmYjczMC1lY2FhLTExZTYtOGY4OC0zNDM2M2JjN2M0YzAiOnsiY3JlYXRlIjoxODAwMDAwMDAwMDAwLCJkZWxldGUiOjE4MDAwMDAwMDAwMDAsInJlYWQiOjMwMDAwMDAwMDAwMCwidXBkYXRlIjoxODAwMDAwMDAwMDAwfX0=",
          "dependencies": [
            "azurerm_network_interface.sbd2",
            "azurerm_network_security_group.ssh",
            "azurerm_resource_group.example",
            "azurerm_subnet.example",
            "azurerm_virtual_network.example"
          ]
        }
      ]
    },
    {
      "mode": "managed",
      "type": "azurerm_network_security_group",
      "name": "ssh",
      "provider": "provider.azurerm",
      "instances": [
        {
          "schema_version": 0,
          "attributes": {
            "id": "/subscriptions/9d3e4275-4f66-42ac-a822-439f8d50eb99/resourceGroups/test2_resources/providers/Microsoft.Network/networkSecurityGroups/ssh",
            "location": "westus2",
            "name": "ssh",
            "resource_group_name": "test2_resources",
            "security_rule": [
              {
                "access": "Allow",
                "description": "",
                "destination_address_prefix": "*",
                "destination_address_prefixes": [],
                "destination_application_security_group_ids": [],
                "destination_port_range": "22",
                "destination_port_ranges": [],
                "direction": "Inbound",
                "name": "SSH",
                "priority": 100,
                "protocol": "Tcp",
                "source_address_prefix": "*",
                "source_address_prefixes": [],
                "source_application_security_group_ids": [],
                "source_port_range": "*",
                "source_port_ranges": []
              }
            ],
            "tags": {},
            "timeouts": null
          },
          "private": "eyJlMmJmYjczMC1lY2FhLTExZTYtOGY4OC0zNDM2M2JjN2M0YzAiOnsiY3JlYXRlIjoxODAwMDAwMDAwMDAwLCJkZWxldGUiOjE4MDAwMDAwMDAwMDAsInJlYWQiOjMwMDAwMDAwMDAwMCwidXBkYXRlIjoxODAwMDAwMDAwMDAwfX0=",
          "dependencies": [
            "azurerm_resource_group.example"
          ]
        }
      ]
    },
    {
      "mode": "managed",
      "type": "azurerm_public_ip",
      "name": "bastion",
      "provider": "provider.azurerm",
      "instances": [
        {
          "schema_version": 0,
          "attributes": {
            "allocation_method": "Dynamic",
            "domain_name_label": null,
            "fqdn": null,
            "id": "/subscriptions/9d3e4275-4f66-42ac-a822-439f8d50eb99/resourceGroups/test2_resources/providers/Microsoft.Network/publicIPAddresses/bastion",
            "idle_timeout_in_minutes": 4,
            "ip_address": "52.250.108.52",
            "ip_version": "IPv4",
            "location": "westus2",
            "name": "bastion",
            "public_ip_prefix_id": null,
            "resource_group_name": "test2_resources",
            "reverse_fqdn": null,
            "sku": "Basic",
            "tags": {},
            "timeouts": null,
            "zones": []
          },
          "private": "eyJlMmJmYjczMC1lY2FhLTExZTYtOGY4OC0zNDM2M2JjN2M0YzAiOnsiY3JlYXRlIjoxODAwMDAwMDAwMDAwLCJkZWxldGUiOjE4MDAwMDAwMDAwMDAsInJlYWQiOjMwMDAwMDAwMDAwMCwidXBkYXRlIjoxODAwMDAwMDAwMDAwfX0=",
          "dependencies": [
            "azurerm_resource_group.example"
          ]
        }
      ]
    },
    {
      "mode": "managed",
      "type": "azurerm_resource_group",
      "name": "example",
      "provider": "provider.azurerm",
      "instances": [
        {
          "schema_version": 0,
          "attributes": {
            "id": "/subscriptions/9d3e4275-4f66-42ac-a822-439f8d50eb99/resourceGroups/test2_resources",
            "location": "westus2",
            "name": "test2_resources",
            "tags": {},
            "timeouts": null
          },
          "private": "eyJlMmJmYjczMC1lY2FhLTExZTYtOGY4OC0zNDM2M2JjN2M0YzAiOnsiY3JlYXRlIjo1NDAwMDAwMDAwMDAwLCJkZWxldGUiOjU0MDAwMDAwMDAwMDAsInJlYWQiOjMwMDAwMDAwMDAwMCwidXBkYXRlIjo1NDAwMDAwMDAwMDAwfX0="
        }
      ]
    },
    {
      "mode": "managed",
      "type": "azurerm_subnet",
      "name": "example",
      "provider": "provider.azurerm",
      "instances": [
        {
          "schema_version": 0,
          "attributes": {
            "address_prefix": "10.0.0.0/24",
            "delegation": [],
            "enforce_private_link_endpoint_network_policies": false,
            "enforce_private_link_service_network_policies": false,
            "id": "/subscriptions/9d3e4275-4f66-42ac-a822-439f8d50eb99/resourceGroups/test2_resources/providers/Microsoft.Network/virtualNetworks/test2-network/subnets/internal",
            "name": "internal",
            "resource_group_name": "test2_resources",
            "service_endpoints": [],
            "timeouts": null,
            "virtual_network_name": "test2-network"
          },
          "private": "eyJlMmJmYjczMC1lY2FhLTExZTYtOGY4OC0zNDM2M2JjN2M0YzAiOnsiY3JlYXRlIjoxODAwMDAwMDAwMDAwLCJkZWxldGUiOjE4MDAwMDAwMDAwMDAsInJlYWQiOjMwMDAwMDAwMDAwMCwidXBkYXRlIjoxODAwMDAwMDAwMDAwfX0=",
          "dependencies": [
            "azurerm_resource_group.example",
            "azurerm_virtual_network.example"
          ]
        }
      ]
    },
    {
      "mode": "managed",
      "type": "azurerm_subnet_network_security_group_association",
      "name": "example",
      "provider": "provider.azurerm",
      "instances": [
        {
          "schema_version": 0,
          "attributes": {
            "id": "/subscriptions/9d3e4275-4f66-42ac-a822-439f8d50eb99/resourceGroups/test2_resources/providers/Microsoft.Network/virtualNetworks/test2-network/subnets/internal",
            "network_security_group_id": "/subscriptions/9d3e4275-4f66-42ac-a822-439f8d50eb99/resourceGroups/test2_resources/providers/Microsoft.Network/networkSecurityGroups/ssh",
            "subnet_id": "/subscriptions/9d3e4275-4f66-42ac-a822-439f8d50eb99/resourceGroups/test2_resources/providers/Microsoft.Network/virtualNetworks/test2-network/subnets/internal",
            "timeouts": null
          },
          "private": "eyJlMmJmYjczMC1lY2FhLTExZTYtOGY4OC0zNDM2M2JjN2M0YzAiOnsiY3JlYXRlIjoxODAwMDAwMDAwMDAwLCJkZWxldGUiOjE4MDAwMDAwMDAwMDAsInJlYWQiOjMwMDAwMDAwMDAwMCwidXBkYXRlIjoxODAwMDAwMDAwMDAwfX0=",
          "dependencies": [
            "azurerm_network_security_group.ssh",
            "azurerm_resource_group.example",
            "azurerm_subnet.example",
            "azurerm_virtual_network.example"
          ]
        }
      ]
    },
    {
      "mode": "managed",
      "type": "azurerm_virtual_machine_data_disk_attachment",
      "name": "nfs-0a",
      "provider": "provider.azurerm",
      "instances": [
        {
          "schema_version": 0,
          "attributes": {
            "caching": "ReadWrite",
            "create_option": "Attach",
            "id": "/subscriptions/9d3e4275-4f66-42ac-a822-439f8d50eb99/resourceGroups/test2_resources/providers/Microsoft.Compute/virtualMachines/nfs-0/dataDisks/nfs-0-disk1a",
            "lun": 0,
            "managed_disk_id": "/subscriptions/9d3e4275-4f66-42ac-a822-439f8d50eb99/resourceGroups/test2_resources/providers/Microsoft.Compute/disks/nfs-0-disk1a",
            "timeouts": null,
            "virtual_machine_id": "/subscriptions/9d3e4275-4f66-42ac-a822-439f8d50eb99/resourceGroups/test2_resources/providers/Microsoft.Compute/virtualMachines/nfs-0",
            "write_accelerator_enabled": false
          },
          "private": "eyJlMmJmYjczMC1lY2FhLTExZTYtOGY4OC0zNDM2M2JjN2M0YzAiOnsiY3JlYXRlIjoxODAwMDAwMDAwMDAwLCJkZWxldGUiOjE4MDAwMDAwMDAwMDAsInJlYWQiOjMwMDAwMDAwMDAwMCwidXBkYXRlIjoxODAwMDAwMDAwMDAwfX0=",
          "dependencies": [
            "azurerm_availability_set.nfs",
            "azurerm_linux_virtual_machine.nfs-0",
            "azurerm_managed_disk.nfs-0a",
            "azurerm_network_interface.nfs-0",
            "azurerm_resource_group.example",
            "azurerm_subnet.example",
            "azurerm_virtual_network.example"
          ]
        }
      ]
    },
    {
      "mode": "managed",
      "type": "azurerm_virtual_machine_data_disk_attachment",
      "name": "nfs-0b",
      "provider": "provider.azurerm",
      "instances": [
        {
          "schema_version": 0,
          "attributes": {
            "caching": "ReadWrite",
            "create_option": "Attach",
            "id": "/subscriptions/9d3e4275-4f66-42ac-a822-439f8d50eb99/resourceGroups/test2_resources/providers/Microsoft.Compute/virtualMachines/nfs-0/dataDisks/nfs-0-disk1b",
            "lun": 1,
            "managed_disk_id": "/subscriptions/9d3e4275-4f66-42ac-a822-439f8d50eb99/resourceGroups/test2_resources/providers/Microsoft.Compute/disks/nfs-0-disk1b",
            "timeouts": null,
            "virtual_machine_id": "/subscriptions/9d3e4275-4f66-42ac-a822-439f8d50eb99/resourceGroups/test2_resources/providers/Microsoft.Compute/virtualMachines/nfs-0",
            "write_accelerator_enabled": false
          },
          "private": "eyJlMmJmYjczMC1lY2FhLTExZTYtOGY4OC0zNDM2M2JjN2M0YzAiOnsiY3JlYXRlIjoxODAwMDAwMDAwMDAwLCJkZWxldGUiOjE4MDAwMDAwMDAwMDAsInJlYWQiOjMwMDAwMDAwMDAwMCwidXBkYXRlIjoxODAwMDAwMDAwMDAwfX0=",
          "dependencies": [
            "azurerm_availability_set.nfs",
            "azurerm_linux_virtual_machine.nfs-0",
            "azurerm_managed_disk.nfs-0b",
            "azurerm_network_interface.nfs-0",
            "azurerm_resource_group.example",
            "azurerm_subnet.example",
            "azurerm_virtual_network.example"
          ]
        }
      ]
    },
    {
      "mode": "managed",
      "type": "azurerm_virtual_machine_data_disk_attachment",
      "name": "nfs-1a",
      "provider": "provider.azurerm",
      "instances": [
        {
          "schema_version": 0,
          "attributes": {
            "caching": "ReadWrite",
            "create_option": "Attach",
            "id": "/subscriptions/9d3e4275-4f66-42ac-a822-439f8d50eb99/resourceGroups/test2_resources/providers/Microsoft.Compute/virtualMachines/nfs-1/dataDisks/nfs-1-disk1a",
            "lun": 0,
            "managed_disk_id": "/subscriptions/9d3e4275-4f66-42ac-a822-439f8d50eb99/resourceGroups/test2_resources/providers/Microsoft.Compute/disks/nfs-1-disk1a",
            "timeouts": null,
            "virtual_machine_id": "/subscriptions/9d3e4275-4f66-42ac-a822-439f8d50eb99/resourceGroups/test2_resources/providers/Microsoft.Compute/virtualMachines/nfs-1",
            "write_accelerator_enabled": false
          },
          "private": "eyJlMmJmYjczMC1lY2FhLTExZTYtOGY4OC0zNDM2M2JjN2M0YzAiOnsiY3JlYXRlIjoxODAwMDAwMDAwMDAwLCJkZWxldGUiOjE4MDAwMDAwMDAwMDAsInJlYWQiOjMwMDAwMDAwMDAwMCwidXBkYXRlIjoxODAwMDAwMDAwMDAwfX0=",
          "dependencies": [
            "azurerm_availability_set.nfs",
            "azurerm_linux_virtual_machine.nfs-1",
            "azurerm_managed_disk.nfs-1a",
            "azurerm_network_interface.nfs-1",
            "azurerm_resource_group.example",
            "azurerm_subnet.example",
            "azurerm_virtual_network.example"
          ]
        }
      ]
    },
    {
      "mode": "managed",
      "type": "azurerm_virtual_machine_data_disk_attachment",
      "name": "nfs-1b",
      "provider": "provider.azurerm",
      "instances": [
        {
          "schema_version": 0,
          "attributes": {
            "caching": "ReadWrite",
            "create_option": "Attach",
            "id": "/subscriptions/9d3e4275-4f66-42ac-a822-439f8d50eb99/resourceGroups/test2_resources/providers/Microsoft.Compute/virtualMachines/nfs-1/dataDisks/nfs-1-disk1b",
            "lun": 1,
            "managed_disk_id": "/subscriptions/9d3e4275-4f66-42ac-a822-439f8d50eb99/resourceGroups/test2_resources/providers/Microsoft.Compute/disks/nfs-1-disk1b",
            "timeouts": null,
            "virtual_machine_id": "/subscriptions/9d3e4275-4f66-42ac-a822-439f8d50eb99/resourceGroups/test2_resources/providers/Microsoft.Compute/virtualMachines/nfs-1",
            "write_accelerator_enabled": false
          },
          "private": "eyJlMmJmYjczMC1lY2FhLTExZTYtOGY4OC0zNDM2M2JjN2M0YzAiOnsiY3JlYXRlIjoxODAwMDAwMDAwMDAwLCJkZWxldGUiOjE4MDAwMDAwMDAwMDAsInJlYWQiOjMwMDAwMDAwMDAwMCwidXBkYXRlIjoxODAwMDAwMDAwMDAwfX0=",
          "dependencies": [
            "azurerm_availability_set.nfs",
            "azurerm_linux_virtual_machine.nfs-1",
            "azurerm_managed_disk.nfs-1b",
            "azurerm_network_interface.nfs-1",
            "azurerm_resource_group.example",
            "azurerm_subnet.example",
            "azurerm_virtual_network.example"
          ]
        }
      ]
    },
    {
      "mode": "managed",
      "type": "azurerm_virtual_network",
      "name": "example",
      "provider": "provider.azurerm",
      "instances": [
        {
          "schema_version": 0,
          "attributes": {
            "address_space": [
              "10.0.0.0/16"
            ],
            "ddos_protection_plan": [],
            "dns_servers": [],
            "guid": "36a70edd-ac6e-4545-a24c-3395b451699e",
            "id": "/subscriptions/9d3e4275-4f66-42ac-a822-439f8d50eb99/resourceGroups/test2_resources/providers/Microsoft.Network/virtualNetworks/test2-network",
            "location": "westus2",
            "name": "test2-network",
            "resource_group_name": "test2_resources",
            "subnet": [
              {
                "address_prefix": "10.0.0.0/24",
                "id": "/subscriptions/9d3e4275-4f66-42ac-a822-439f8d50eb99/resourceGroups/test2_resources/providers/Microsoft.Network/virtualNetworks/test2-network/subnets/internal",
                "name": "internal",
                "security_group": "/subscriptions/9d3e4275-4f66-42ac-a822-439f8d50eb99/resourceGroups/test2_resources/providers/Microsoft.Network/networkSecurityGroups/ssh"
              }
            ],
            "tags": {},
            "timeouts": null
          },
          "private": "eyJlMmJmYjczMC1lY2FhLTExZTYtOGY4OC0zNDM2M2JjN2M0YzAiOnsiY3JlYXRlIjoxODAwMDAwMDAwMDAwLCJkZWxldGUiOjE4MDAwMDAwMDAwMDAsInJlYWQiOjMwMDAwMDAwMDAwMCwidXBkYXRlIjoxODAwMDAwMDAwMDAwfX0=",
          "dependencies": [
            "azurerm_resource_group.example"
          ]
        }
      ]
    },
    {
      "mode": "managed",
      "type": "local_file",
      "name": "bastion",
      "provider": "provider.local",
      "instances": [
        {
          "schema_version": 0,
          "attributes": {
            "content": "52.250.108.52",
            "content_base64": null,
            "directory_permission": "0777",
            "file_permission": "0777",
            "filename": "./bastion.ip",
            "id": "1df483932faa0718b578ee9805d4a468ca7f048a",
            "sensitive_content": null
          },
          "private": "bnVsbA==",
          "dependencies": [
            "azurerm_public_ip.bastion"
          ]
        }
      ]
    }
  ]
}
